
Microsoft Visual Studio Solution File, Format Version 12.00
# Visual Studio Version 16
VisualStudioVersion = 25.0.1703.5
MinimumVisualStudioVersion = 10.0.40219.1
Project("{FAE04EC0-301F-11D3-BF4B-00C04F79EFBC}") = "AspNetExample", "AspNetExample.csproj", "{B8877853-F041-4FBB-82CE-E31DCD98E69E}"
EndProject
Project("{FAE04EC0-301F-11D3-BF4B-00C04F79EFBC}") = "ConsoleExample", "..\ConsoleExample\ConsoleExample.csproj", "{9B8A68DB-37B8-4F97-A002-12BF69B024F4}"
EndProject
Global
	GlobalSection(SolutionConfigurationPlatforms) = preSolution
		Debug|Any CPU = Debug|Any CPU
		Release|Any CPU = Release|Any CPU
	EndGlobalSection
	GlobalSection(ProjectConfigurationPlatforms) = postSolution
		{B8877853-F041-4FBB-82CE-E31DCD98E69E}.Debug|Any CPU.ActiveCfg = Debug|Any CPU
		{B8877853-F041-4FBB-82CE-E31DCD98E69E}.Debug|Any CPU.Build.0 = Debug|Any CPU
		{B8877853-F041-4FBB-82CE-E31DCD98E69E}.Release|Any CPU.ActiveCfg = Release|Any CPU
		{B8877853-F041-4FBB-82CE-E31DCD98E69E}.Release|Any CPU.Build.0 = Release|Any CPU
		{9B8A68DB-37B8-4F97-A002-12BF69B024F4}.Debug|Any CPU.ActiveCfg = Debug|Any CPU
		{9B8A68DB-37B8-4F97-A002-12BF69B024F4}.Debug|Any CPU.Build.0 = Debug|Any CPU
		{9B8A68DB-37B8-4F97-A002-12BF69B024F4}.Release|Any CPU.ActiveCfg = Release|Any CPU
		{9B8A68DB-37B8-4F97-A002-12BF69B024F4}.Release|Any CPU.Build.0 = Release|Any CPU
	EndGlobalSection
	GlobalSection(SolutionProperties) = preSolution
		HideSolutionNode = FALSE
	EndGlobalSection
	GlobalSection(ExtensibilityGlobals) = postSolution
		SolutionGuid = {EC1E67C0-54E6-4883-B22A-125A61024572}
	EndGlobalSection
EndGlobal
